{"format_version":"0.1","provider_schemas":{"registry.terraform.io/hashicorp/null":{"provider":{"version":0,"block":{"description_kind":"plain"}},"resource_schemas":{"null_resource":{"version":0,"block":{"attributes":{"id":{"type":"string","description_kind":"plain","optional":true,"computed":true},"triggers":{"type":["map","string"],"description":"A map of arbitrary strings that, when changed, will force the null resource to be replaced, re-running any associated provisioners.","description_kind":"markdown","optional":true}},"description":"The `null_resource` resource implements the standard resource lifecycle but takes no further action.\n\nThe `triggers` argument allows specifying an arbitrary set of values that, when changed, will cause the resource to be replaced.","description_kind":"markdown"}}},"data_source_schemas":{"null_data_source":{"version":0,"block":{"attributes":{"has_computed_default":{"type":"string","description":"If set, its literal value will be stored and returned. If not, its value defaults to `\"default\"`. This argument exists primarily for testing and has little practical use.","description_kind":"markdown","optional":true,"computed":true},"id":{"type":"string","description_kind":"plain","optional":true,"computed":true},"inputs":{"type":["map","string"],"description":"A map of arbitrary strings that is copied into the `outputs` attribute, and accessible directly for interpolation.","description_kind":"markdown","optional":true},"outputs":{"type":["map","string"],"description":"After the data source is \"read\", a copy of the `inputs` map.","description_kind":"markdown","computed":true},"random":{"type":"string","description":"A random value. This is primarily for testing and has little practical use; prefer the [random provider](https://www.terraform.io/docs/providers/random/) for more practical random number use-cases.","description_kind":"markdown","computed":true}},"description":"The `null_data_source` data source implements the standard data source lifecycle but does not interact with any external APIs.","description_kind":"markdown"}}}}}}
